
Microsoft Visual Studio Solution File, Format Version 12.00
# Visual Studio Version 17
VisualStudioVersion = 17.0.31919.166
MinimumVisualStudioVersion = 10.0.40219.1
Project("{FAE04EC0-301F-11D3-BF4B-00C04F79EFBC}") = "Calculator", "Calculator.csproj", "{6ECB65C8-42BF-4D9B-B03E-3C49A336F778}"
EndProject
Project("{9A19103F-16F7-4668-BE54-9A1E7A4F7556}") = "UnitTest", "..\UnitTest\UnitTest.csproj", "{1276BE57-A221-4DE8-99B0-7C5BB770041A}"
EndProject
Project("{FAE04EC0-301F-11D3-BF4B-00C04F79EFBC}") = "WebApplication", "..\WebApplication\WebApplication.csproj", "{8B951273-53A2-44AD-BD18-310C9AFEBC4F}"
EndProject
Global
	GlobalSection(SolutionConfigurationPlatforms) = preSolution
		Debug|Any CPU = Debug|Any CPU
		Release|Any CPU = Release|Any CPU
	EndGlobalSection
	GlobalSection(ProjectConfigurationPlatforms) = postSolution
		{6ECB65C8-42BF-4D9B-B03E-3C49A336F778}.Debug|Any CPU.ActiveCfg = Debug|Any CPU
		{6ECB65C8-42BF-4D9B-B03E-3C49A336F778}.Debug|Any CPU.Build.0 = Debug|Any CPU
		{6ECB65C8-42BF-4D9B-B03E-3C49A336F778}.Release|Any CPU.ActiveCfg = Release|Any CPU
		{6ECB65C8-42BF-4D9B-B03E-3C49A336F778}.Release|Any CPU.Build.0 = Release|Any CPU
		{1276BE57-A221-4DE8-99B0-7C5BB770041A}.Debug|Any CPU.ActiveCfg = Debug|Any CPU
		{1276BE57-A221-4DE8-99B0-7C5BB770041A}.Debug|Any CPU.Build.0 = Debug|Any CPU
		{1276BE57-A221-4DE8-99B0-7C5BB770041A}.Release|Any CPU.ActiveCfg = Release|Any CPU
		{1276BE57-A221-4DE8-99B0-7C5BB770041A}.Release|Any CPU.Build.0 = Release|Any CPU
		{8B951273-53A2-44AD-BD18-310C9AFEBC4F}.Debug|Any CPU.ActiveCfg = Debug|Any CPU
		{8B951273-53A2-44AD-BD18-310C9AFEBC4F}.Debug|Any CPU.Build.0 = Debug|Any CPU
		{8B951273-53A2-44AD-BD18-310C9AFEBC4F}.Release|Any CPU.ActiveCfg = Release|Any CPU
		{8B951273-53A2-44AD-BD18-310C9AFEBC4F}.Release|Any CPU.Build.0 = Release|Any CPU
	EndGlobalSection
	GlobalSection(SolutionProperties) = preSolution
		HideSolutionNode = FALSE
	EndGlobalSection
	GlobalSection(ExtensibilityGlobals) = postSolution
		SolutionGuid = {A43C2406-A46A-4F99-BFAF-3E798C66B6D6}
	EndGlobalSection
EndGlobal
